// !$*UTF8*$!
{
	archiveVersion = 1;
	classes = {
	};
	objectVersion = 46;
	objects = {

/* Begin PBXBuildFile section */
		0F06C9031BDB87F300076A59 /* JLCategorys.podspec in Resources */ = {isa = PBXBuildFile; fileRef = 0F06C9021BDB87F300076A59 /* JLCategorys.podspec */; };
		0F69158F1C3D03C2008EFEDF /* NSArray+JLAdditions.m in Sources */ = {isa = PBXBuildFile; fileRef = 0F69154D1C3D03C1008EFEDF /* NSArray+JLAdditions.m */; };
		0F6915901C3D03C2008EFEDF /* NSBundle+JLAdditions.m in Sources */ = {isa = PBXBuildFile; fileRef = 0F69154F1C3D03C1008EFEDF /* NSBundle+JLAdditions.m */; };
		0F6915911C3D03C2008EFEDF /* NSData+JLAdditions.m in Sources */ = {isa = PBXBuildFile; fileRef = 0F6915511C3D03C1008EFEDF /* NSData+JLAdditions.m */; };
		0F6915921C3D03C2008EFEDF /* NSDate+JLAdditions.m in Sources */ = {isa = PBXBuildFile; fileRef = 0F6915531C3D03C1008EFEDF /* NSDate+JLAdditions.m */; };
		0F6915931C3D03C2008EFEDF /* NSDate+JLAge.m in Sources */ = {isa = PBXBuildFile; fileRef = 0F6915551C3D03C1008EFEDF /* NSDate+JLAge.m */; };
		0F6915941C3D03C2008EFEDF /* NSDictionary+JLAdditions.m in Sources */ = {isa = PBXBuildFile; fileRef = 0F6915571C3D03C1008EFEDF /* NSDictionary+JLAdditions.m */; };
		0F6915951C3D03C2008EFEDF /* NSIndexPath+JLAdditions.m in Sources */ = {isa = PBXBuildFile; fileRef = 0F6915591C3D03C1008EFEDF /* NSIndexPath+JLAdditions.m */; };
		0F6915961C3D03C2008EFEDF /* NSLocale+JLAdditions.m in Sources */ = {isa = PBXBuildFile; fileRef = 0F69155B1C3D03C1008EFEDF /* NSLocale+JLAdditions.m */; };
		0F6915971C3D03C2008EFEDF /* NSMutableAttributedString+JLAdditions.m in Sources */ = {isa = PBXBuildFile; fileRef = 0F69155D1C3D03C1008EFEDF /* NSMutableAttributedString+JLAdditions.m */; };
		0F6915981C3D03C2008EFEDF /* NSObject+JLAdditions.m in Sources */ = {isa = PBXBuildFile; fileRef = 0F69155F1C3D03C1008EFEDF /* NSObject+JLAdditions.m */; };
		0F6915991C3D03C2008EFEDF /* NSString+JLAdditions.m in Sources */ = {isa = PBXBuildFile; fileRef = 0F6915611C3D03C1008EFEDF /* NSString+JLAdditions.m */; };
		0F69159A1C3D03C2008EFEDF /* NSThread+JLAdditions.m in Sources */ = {isa = PBXBuildFile; fileRef = 0F6915631C3D03C1008EFEDF /* NSThread+JLAdditions.m */; };
		0F69159B1C3D03C2008EFEDF /* NSTimeZone+JLAdditions.m in Sources */ = {isa = PBXBuildFile; fileRef = 0F6915651C3D03C1008EFEDF /* NSTimeZone+JLAdditions.m */; };
		0F69159C1C3D03C2008EFEDF /* NSURL+JLAdditions.m in Sources */ = {isa = PBXBuildFile; fileRef = 0F6915671C3D03C1008EFEDF /* NSURL+JLAdditions.m */; };
		0F69159D1C3D03C2008EFEDF /* UINavigationController+JLStatusBarStyle.m in Sources */ = {isa = PBXBuildFile; fileRef = 0F69156A1C3D03C2008EFEDF /* UINavigationController+JLStatusBarStyle.m */; };
		0F69159E1C3D03C2008EFEDF /* CALayer+JLAdditions.m in Sources */ = {isa = PBXBuildFile; fileRef = 0F69156D1C3D03C2008EFEDF /* CALayer+JLAdditions.m */; };
		0F69159F1C3D03C2008EFEDF /* UIApplication+JLAdditions.m in Sources */ = {isa = PBXBuildFile; fileRef = 0F6915701C3D03C2008EFEDF /* UIApplication+JLAdditions.m */; };
		0F6915A01C3D03C2008EFEDF /* UIBarButtonItem+JLAdditions.m in Sources */ = {isa = PBXBuildFile; fileRef = 0F6915721C3D03C2008EFEDF /* UIBarButtonItem+JLAdditions.m */; };
		0F6915A11C3D03C2008EFEDF /* UIButton+JLAdditions.m in Sources */ = {isa = PBXBuildFile; fileRef = 0F6915741C3D03C2008EFEDF /* UIButton+JLAdditions.m */; };
		0F6915A21C3D03C2008EFEDF /* UICollectionView+JLAdditions.m in Sources */ = {isa = PBXBuildFile; fileRef = 0F6915761C3D03C2008EFEDF /* UICollectionView+JLAdditions.m */; };
		0F6915A31C3D03C2008EFEDF /* UICollectionViewCell+JLAdditions.m in Sources */ = {isa = PBXBuildFile; fileRef = 0F6915781C3D03C2008EFEDF /* UICollectionViewCell+JLAdditions.m */; };
		0F6915A41C3D03C2008EFEDF /* UIColor+JLAdditions.m in Sources */ = {isa = PBXBuildFile; fileRef = 0F69157A1C3D03C2008EFEDF /* UIColor+JLAdditions.m */; };
		0F6915A51C3D03C2008EFEDF /* UIDevice+JLAdditions.m in Sources */ = {isa = PBXBuildFile; fileRef = 0F69157C1C3D03C2008EFEDF /* UIDevice+JLAdditions.m */; };
		0F6915A61C3D03C2008EFEDF /* UIFont+JLStyle.m in Sources */ = {isa = PBXBuildFile; fileRef = 0F69157E1C3D03C2008EFEDF /* UIFont+JLStyle.m */; };
		0F6915A71C3D03C2008EFEDF /* UIImage+JLAdditions.m in Sources */ = {isa = PBXBuildFile; fileRef = 0F6915801C3D03C2008EFEDF /* UIImage+JLAdditions.m */; };
		0F6915A81C3D03C2008EFEDF /* UILabel+JLAdditions.m in Sources */ = {isa = PBXBuildFile; fileRef = 0F6915821C3D03C2008EFEDF /* UILabel+JLAdditions.m */; };
		0F6915A91C3D03C2008EFEDF /* UIScreen+JLAdditions.m in Sources */ = {isa = PBXBuildFile; fileRef = 0F6915841C3D03C2008EFEDF /* UIScreen+JLAdditions.m */; };
		0F6915AA1C3D03C2008EFEDF /* UITabBarItem+JLAdditions.m in Sources */ = {isa = PBXBuildFile; fileRef = 0F6915861C3D03C2008EFEDF /* UITabBarItem+JLAdditions.m */; };
		0F6915AB1C3D03C2008EFEDF /* UITableView+JLAdditions.m in Sources */ = {isa = PBXBuildFile; fileRef = 0F6915881C3D03C2008EFEDF /* UITableView+JLAdditions.m */; };
		0F6915AC1C3D03C2008EFEDF /* UITableViewCell+JLAdditions.m in Sources */ = {isa = PBXBuildFile; fileRef = 0F69158A1C3D03C2008EFEDF /* UITableViewCell+JLAdditions.m */; };
		0F6915AD1C3D03C2008EFEDF /* UIView+JLAdditions.m in Sources */ = {isa = PBXBuildFile; fileRef = 0F69158C1C3D03C2008EFEDF /* UIView+JLAdditions.m */; };
		0F6915AE1C3D03C2008EFEDF /* UIViewController+JLAdditions.m in Sources */ = {isa = PBXBuildFile; fileRef = 0F69158E1C3D03C2008EFEDF /* UIViewController+JLAdditions.m */; };
		0FAABDFE1BC0E7DA00AE9BBE /* main.m in Sources */ = {isa = PBXBuildFile; fileRef = 0FAABDFD1BC0E7DA00AE9BBE /* main.m */; };
		0FAABE011BC0E7DA00AE9BBE /* AppDelegate.m in Sources */ = {isa = PBXBuildFile; fileRef = 0FAABE001BC0E7DA00AE9BBE /* AppDelegate.m */; };
		0FAABE041BC0E7DA00AE9BBE /* ViewController.m in Sources */ = {isa = PBXBuildFile; fileRef = 0FAABE031BC0E7DA00AE9BBE /* ViewController.m */; };
		0FAABE071BC0E7DA00AE9BBE /* Main.storyboard in Resources */ = {isa = PBXBuildFile; fileRef = 0FAABE051BC0E7DA00AE9BBE /* Main.storyboard */; };
		0FAABE091BC0E7DA00AE9BBE /* Assets.xcassets in Resources */ = {isa = PBXBuildFile; fileRef = 0FAABE081BC0E7DA00AE9BBE /* Assets.xcassets */; };
		0FAABE0C1BC0E7DA00AE9BBE /* LaunchScreen.storyboard in Resources */ = {isa = PBXBuildFile; fileRef = 0FAABE0A1BC0E7DA00AE9BBE /* LaunchScreen.storyboard */; };
		7E73A0E61C8492D900D51473 /* SKProduct+JLAdditions.m in Sources */ = {isa = PBXBuildFile; fileRef = 7E73A0E51C8492D900D51473 /* SKProduct+JLAdditions.m */; };
		7ED1D3A31CCF248900EB56B2 /* NSNumber+JLAdditions.m in Sources */ = {isa = PBXBuildFile; fileRef = 7ED1D3A21CCF248900EB56B2 /* NSNumber+JLAdditions.m */; };
		7EFE51111CC616A900087C34 /* UISearchBar+JLAdditions.m in Sources */ = {isa = PBXBuildFile; fileRef = 7EFE51101CC616A900087C34 /* UISearchBar+JLAdditions.m */; };
/* End PBXBuildFile section */

/* Begin PBXFileReference section */
		0F06C9021BDB87F300076A59 /* JLCategorys.podspec */ = {isa = PBXFileReference; fileEncoding = 4; lastKnownFileType = text; name = JLCategorys.podspec; path = ../JLCategorys.podspec; sourceTree = "<group>"; };
		0F69154C1C3D03C1008EFEDF /* NSArray+JLAdditions.h */ = {isa = PBXFileReference; fileEncoding = 4; lastKnownFileType = sourcecode.c.h; path = "NSArray+JLAdditions.h"; sourceTree = "<group>"; };
		0F69154D1C3D03C1008EFEDF /* NSArray+JLAdditions.m */ = {isa = PBXFileReference; fileEncoding = 4; lastKnownFileType = sourcecode.c.objc; path = "NSArray+JLAdditions.m"; sourceTree = "<group>"; };
		0F69154E1C3D03C1008EFEDF /* NSBundle+JLAdditions.h */ = {isa = PBXFileReference; fileEncoding = 4; lastKnownFileType = sourcecode.c.h; path = "NSBundle+JLAdditions.h"; sourceTree = "<group>"; };
		0F69154F1C3D03C1008EFEDF /* NSBundle+JLAdditions.m */ = {isa = PBXFileReference; fileEncoding = 4; lastKnownFileType = sourcecode.c.objc; path = "NSBundle+JLAdditions.m"; sourceTree = "<group>"; };
		0F6915501C3D03C1008EFEDF /* NSData+JLAdditions.h */ = {isa = PBXFileReference; fileEncoding = 4; lastKnownFileType = sourcecode.c.h; path = "NSData+JLAdditions.h"; sourceTree = "<group>"; };
		0F6915511C3D03C1008EFEDF /* NSData+JLAdditions.m */ = {isa = PBXFileReference; fileEncoding = 4; lastKnownFileType = sourcecode.c.objc; path = "NSData+JLAdditions.m"; sourceTree = "<group>"; };
		0F6915521C3D03C1008EFEDF /* NSDate+JLAdditions.h */ = {isa = PBXFileReference; fileEncoding = 4; lastKnownFileType = sourcecode.c.h; path = "NSDate+JLAdditions.h"; sourceTree = "<group>"; };
		0F6915531C3D03C1008EFEDF /* NSDate+JLAdditions.m */ = {isa = PBXFileReference; fileEncoding = 4; lastKnownFileType = sourcecode.c.objc; path = "NSDate+JLAdditions.m"; sourceTree = "<group>"; };
		0F6915541C3D03C1008EFEDF /* NSDate+JLAge.h */ = {isa = PBXFileReference; fileEncoding = 4; lastKnownFileType = sourcecode.c.h; path = "NSDate+JLAge.h"; sourceTree = "<group>"; };
		0F6915551C3D03C1008EFEDF /* NSDate+JLAge.m */ = {isa = PBXFileReference; fileEncoding = 4; lastKnownFileType = sourcecode.c.objc; path = "NSDate+JLAge.m"; sourceTree = "<group>"; };
		0F6915561C3D03C1008EFEDF /* NSDictionary+JLAdditions.h */ = {isa = PBXFileReference; fileEncoding = 4; lastKnownFileType = sourcecode.c.h; path = "NSDictionary+JLAdditions.h"; sourceTree = "<group>"; };
		0F6915571C3D03C1008EFEDF /* NSDictionary+JLAdditions.m */ = {isa = PBXFileReference; fileEncoding = 4; lastKnownFileType = sourcecode.c.objc; path = "NSDictionary+JLAdditions.m"; sourceTree = "<group>"; };
		0F6915581C3D03C1008EFEDF /* NSIndexPath+JLAdditions.h */ = {isa = PBXFileReference; fileEncoding = 4; lastKnownFileType = sourcecode.c.h; path = "NSIndexPath+JLAdditions.h"; sourceTree = "<group>"; };
		0F6915591C3D03C1008EFEDF /* NSIndexPath+JLAdditions.m */ = {isa = PBXFileReference; fileEncoding = 4; lastKnownFileType = sourcecode.c.objc; path = "NSIndexPath+JLAdditions.m"; sourceTree = "<group>"; };
		0F69155A1C3D03C1008EFEDF /* NSLocale+JLAdditions.h */ = {isa = PBXFileReference; fileEncoding = 4; lastKnownFileType = sourcecode.c.h; path = "NSLocale+JLAdditions.h"; sourceTree = "<group>"; };
		0F69155B1C3D03C1008EFEDF /* NSLocale+JLAdditions.m */ = {isa = PBXFileReference; fileEncoding = 4; lastKnownFileType = sourcecode.c.objc; path = "NSLocale+JLAdditions.m"; sourceTree = "<group>"; };
		0F69155C1C3D03C1008EFEDF /* NSMutableAttributedString+JLAdditions.h */ = {isa = PBXFileReference; fileEncoding = 4; lastKnownFileType = sourcecode.c.h; path = "NSMutableAttributedString+JLAdditions.h"; sourceTree = "<group>"; };
		0F69155D1C3D03C1008EFEDF /* NSMutableAttributedString+JLAdditions.m */ = {isa = PBXFileReference; fileEncoding = 4; lastKnownFileType = sourcecode.c.objc; path = "NSMutableAttributedString+JLAdditions.m"; sourceTree = "<group>"; };
		0F69155E1C3D03C1008EFEDF /* NSObject+JLAdditions.h */ = {isa = PBXFileReference; fileEncoding = 4; lastKnownFileType = sourcecode.c.h; path = "NSObject+JLAdditions.h"; sourceTree = "<group>"; };
		0F69155F1C3D03C1008EFEDF /* NSObject+JLAdditions.m */ = {isa = PBXFileReference; fileEncoding = 4; lastKnownFileType = sourcecode.c.objc; path = "NSObject+JLAdditions.m"; sourceTree = "<group>"; };
		0F6915601C3D03C1008EFEDF /* NSString+JLAdditions.h */ = {isa = PBXFileReference; fileEncoding = 4; lastKnownFileType = sourcecode.c.h; path = "NSString+JLAdditions.h"; sourceTree = "<group>"; };
		0F6915611C3D03C1008EFEDF /* NSString+JLAdditions.m */ = {isa = PBXFileReference; fileEncoding = 4; lastKnownFileType = sourcecode.c.objc; path = "NSString+JLAdditions.m"; sourceTree = "<group>"; };
		0F6915621C3D03C1008EFEDF /* NSThread+JLAdditions.h */ = {isa = PBXFileReference; fileEncoding = 4; lastKnownFileType = sourcecode.c.h; path = "NSThread+JLAdditions.h"; sourceTree = "<group>"; };
		0F6915631C3D03C1008EFEDF /* NSThread+JLAdditions.m */ = {isa = PBXFileReference; fileEncoding = 4; lastKnownFileType = sourcecode.c.objc; path = "NSThread+JLAdditions.m"; sourceTree = "<group>"; };
		0F6915641C3D03C1008EFEDF /* NSTimeZone+JLAdditions.h */ = {isa = PBXFileReference; fileEncoding = 4; lastKnownFileType = sourcecode.c.h; path = "NSTimeZone+JLAdditions.h"; sourceTree = "<group>"; };
		0F6915651C3D03C1008EFEDF /* NSTimeZone+JLAdditions.m */ = {isa = PBXFileReference; fileEncoding = 4; lastKnownFileType = sourcecode.c.objc; path = "NSTimeZone+JLAdditions.m"; sourceTree = "<group>"; };
		0F6915661C3D03C1008EFEDF /* NSURL+JLAdditions.h */ = {isa = PBXFileReference; fileEncoding = 4; lastKnownFileType = sourcecode.c.h; path = "NSURL+JLAdditions.h"; sourceTree = "<group>"; };
		0F6915671C3D03C1008EFEDF /* NSURL+JLAdditions.m */ = {isa = PBXFileReference; fileEncoding = 4; lastKnownFileType = sourcecode.c.objc; path = "NSURL+JLAdditions.m"; sourceTree = "<group>"; };
		0F6915691C3D03C2008EFEDF /* UINavigationController+JLStatusBarStyle.h */ = {isa = PBXFileReference; fileEncoding = 4; lastKnownFileType = sourcecode.c.h; path = "UINavigationController+JLStatusBarStyle.h"; sourceTree = "<group>"; };
		0F69156A1C3D03C2008EFEDF /* UINavigationController+JLStatusBarStyle.m */ = {isa = PBXFileReference; fileEncoding = 4; lastKnownFileType = sourcecode.c.objc; path = "UINavigationController+JLStatusBarStyle.m"; sourceTree = "<group>"; };
		0F69156C1C3D03C2008EFEDF /* CALayer+JLAdditions.h */ = {isa = PBXFileReference; fileEncoding = 4; lastKnownFileType = sourcecode.c.h; path = "CALayer+JLAdditions.h"; sourceTree = "<group>"; };
		0F69156D1C3D03C2008EFEDF /* CALayer+JLAdditions.m */ = {isa = PBXFileReference; fileEncoding = 4; lastKnownFileType = sourcecode.c.objc; path = "CALayer+JLAdditions.m"; sourceTree = "<group>"; };
		0F69156F1C3D03C2008EFEDF /* UIApplication+JLAdditions.h */ = {isa = PBXFileReference; fileEncoding = 4; lastKnownFileType = sourcecode.c.h; path = "UIApplication+JLAdditions.h"; sourceTree = "<group>"; };
		0F6915701C3D03C2008EFEDF /* UIApplication+JLAdditions.m */ = {isa = PBXFileReference; fileEncoding = 4; lastKnownFileType = sourcecode.c.objc; path = "UIApplication+JLAdditions.m"; sourceTree = "<group>"; };
		0F6915711C3D03C2008EFEDF /* UIBarButtonItem+JLAdditions.h */ = {isa = PBXFileReference; fileEncoding = 4; lastKnownFileType = sourcecode.c.h; path = "UIBarButtonItem+JLAdditions.h"; sourceTree = "<group>"; };
		0F6915721C3D03C2008EFEDF /* UIBarButtonItem+JLAdditions.m */ = {isa = PBXFileReference; fileEncoding = 4; lastKnownFileType = sourcecode.c.objc; path = "UIBarButtonItem+JLAdditions.m"; sourceTree = "<group>"; };
		0F6915731C3D03C2008EFEDF /* UIButton+JLAdditions.h */ = {isa = PBXFileReference; fileEncoding = 4; lastKnownFileType = sourcecode.c.h; path = "UIButton+JLAdditions.h"; sourceTree = "<group>"; };
		0F6915741C3D03C2008EFEDF /* UIButton+JLAdditions.m */ = {isa = PBXFileReference; fileEncoding = 4; lastKnownFileType = sourcecode.c.objc; path = "UIButton+JLAdditions.m"; sourceTree = "<group>"; };
		0F6915751C3D03C2008EFEDF /* UICollectionView+JLAdditions.h */ = {isa = PBXFileReference; fileEncoding = 4; lastKnownFileType = sourcecode.c.h; path = "UICollectionView+JLAdditions.h"; sourceTree = "<group>"; };
		0F6915761C3D03C2008EFEDF /* UICollectionView+JLAdditions.m */ = {isa = PBXFileReference; fileEncoding = 4; lastKnownFileType = sourcecode.c.objc; path = "UICollectionView+JLAdditions.m"; sourceTree = "<group>"; };
		0F6915771C3D03C2008EFEDF /* UICollectionViewCell+JLAdditions.h */ = {isa = PBXFileReference; fileEncoding = 4; lastKnownFileType = sourcecode.c.h; path = "UICollectionViewCell+JLAdditions.h"; sourceTree = "<group>"; };
		0F6915781C3D03C2008EFEDF /* UICollectionViewCell+JLAdditions.m */ = {isa = PBXFileReference; fileEncoding = 4; lastKnownFileType = sourcecode.c.objc; path = "UICollectionViewCell+JLAdditions.m"; sourceTree = "<group>"; };
		0F6915791C3D03C2008EFEDF /* UIColor+JLAdditions.h */ = {isa = PBXFileReference; fileEncoding = 4; lastKnownFileType = sourcecode.c.h; path = "UIColor+JLAdditions.h"; sourceTree = "<group>"; };
		0F69157A1C3D03C2008EFEDF /* UIColor+JLAdditions.m */ = {isa = PBXFileReference; fileEncoding = 4; lastKnownFileType = sourcecode.c.objc; path = "UIColor+JLAdditions.m"; sourceTree = "<group>"; };
		0F69157B1C3D03C2008EFEDF /* UIDevice+JLAdditions.h */ = {isa = PBXFileReference; fileEncoding = 4; lastKnownFileType = sourcecode.c.h; path = "UIDevice+JLAdditions.h"; sourceTree = "<group>"; };
		0F69157C1C3D03C2008EFEDF /* UIDevice+JLAdditions.m */ = {isa = PBXFileReference; fileEncoding = 4; lastKnownFileType = sourcecode.c.objc; path = "UIDevice+JLAdditions.m"; sourceTree = "<group>"; };
		0F69157D1C3D03C2008EFEDF /* UIFont+JLStyle.h */ = {isa = PBXFileReference; fileEncoding = 4; lastKnownFileType = sourcecode.c.h; path = "UIFont+JLStyle.h"; sourceTree = "<group>"; };
		0F69157E1C3D03C2008EFEDF /* UIFont+JLStyle.m */ = {isa = PBXFileReference; fileEncoding = 4; lastKnownFileType = sourcecode.c.objc; path = "UIFont+JLStyle.m"; sourceTree = "<group>"; };
		0F69157F1C3D03C2008EFEDF /* UIImage+JLAdditions.h */ = {isa = PBXFileReference; fileEncoding = 4; lastKnownFileType = sourcecode.c.h; path = "UIImage+JLAdditions.h"; sourceTree = "<group>"; };
		0F6915801C3D03C2008EFEDF /* UIImage+JLAdditions.m */ = {isa = PBXFileReference; fileEncoding = 4; lastKnownFileType = sourcecode.c.objc; path = "UIImage+JLAdditions.m"; sourceTree = "<group>"; };
		0F6915811C3D03C2008EFEDF /* UILabel+JLAdditions.h */ = {isa = PBXFileReference; fileEncoding = 4; lastKnownFileType = sourcecode.c.h; path = "UILabel+JLAdditions.h"; sourceTree = "<group>"; };
		0F6915821C3D03C2008EFEDF /* UILabel+JLAdditions.m */ = {isa = PBXFileReference; fileEncoding = 4; lastKnownFileType = sourcecode.c.objc; path = "UILabel+JLAdditions.m"; sourceTree = "<group>"; };
		0F6915831C3D03C2008EFEDF /* UIScreen+JLAdditions.h */ = {isa = PBXFileReference; fileEncoding = 4; lastKnownFileType = sourcecode.c.h; path = "UIScreen+JLAdditions.h"; sourceTree = "<group>"; };
		0F6915841C3D03C2008EFEDF /* UIScreen+JLAdditions.m */ = {isa = PBXFileReference; fileEncoding = 4; lastKnownFileType = sourcecode.c.objc; path = "UIScreen+JLAdditions.m"; sourceTree = "<group>"; };
		0F6915851C3D03C2008EFEDF /* UITabBarItem+JLAdditions.h */ = {isa = PBXFileReference; fileEncoding = 4; lastKnownFileType = sourcecode.c.h; path = "UITabBarItem+JLAdditions.h"; sourceTree = "<group>"; };
		0F6915861C3D03C2008EFEDF /* UITabBarItem+JLAdditions.m */ = {isa = PBXFileReference; fileEncoding = 4; lastKnownFileType = sourcecode.c.objc; path = "UITabBarItem+JLAdditions.m"; sourceTree = "<group>"; };
		0F6915871C3D03C2008EFEDF /* UITableView+JLAdditions.h */ = {isa = PBXFileReference; fileEncoding = 4; lastKnownFileType = sourcecode.c.h; path = "UITableView+JLAdditions.h"; sourceTree = "<group>"; };
		0F6915881C3D03C2008EFEDF /* UITableView+JLAdditions.m */ = {isa = PBXFileReference; fileEncoding = 4; lastKnownFileType = sourcecode.c.objc; path = "UITableView+JLAdditions.m"; sourceTree = "<group>"; };
		0F6915891C3D03C2008EFEDF /* UITableViewCell+JLAdditions.h */ = {isa = PBXFileReference; fileEncoding = 4; lastKnownFileType = sourcecode.c.h; path = "UITableViewCell+JLAdditions.h"; sourceTree = "<group>"; };
		0F69158A1C3D03C2008EFEDF /* UITableViewCell+JLAdditions.m */ = {isa = PBXFileReference; fileEncoding = 4; lastKnownFileType = sourcecode.c.objc; path = "UITableViewCell+JLAdditions.m"; sourceTree = "<group>"; };
		0F69158B1C3D03C2008EFEDF /* UIView+JLAdditions.h */ = {isa = PBXFileReference; fileEncoding = 4; lastKnownFileType = sourcecode.c.h; path = "UIView+JLAdditions.h"; sourceTree = "<group>"; };
		0F69158C1C3D03C2008EFEDF /* UIView+JLAdditions.m */ = {isa = PBXFileReference; fileEncoding = 4; lastKnownFileType = sourcecode.c.objc; path = "UIView+JLAdditions.m"; sourceTree = "<group>"; };
		0F69158D1C3D03C2008EFEDF /* UIViewController+JLAdditions.h */ = {isa = PBXFileReference; fileEncoding = 4; lastKnownFileType = sourcecode.c.h; path = "UIViewController+JLAdditions.h"; sourceTree = "<group>"; };
		0F69158E1C3D03C2008EFEDF /* UIViewController+JLAdditions.m */ = {isa = PBXFileReference; fileEncoding = 4; lastKnownFileType = sourcecode.c.objc; path = "UIViewController+JLAdditions.m"; sourceTree = "<group>"; };
		0F6915AF1C3D07CA008EFEDF /* JLCategorys.h */ = {isa = PBXFileReference; lastKnownFileType = sourcecode.c.h; path = JLCategorys.h; sourceTree = "<group>"; };
		0FAABDF91BC0E7DA00AE9BBE /* JLCategoryDemo.app */ = {isa = PBXFileReference; explicitFileType = wrapper.application; includeInIndex = 0; path = JLCategoryDemo.app; sourceTree = BUILT_PRODUCTS_DIR; };
		0FAABDFD1BC0E7DA00AE9BBE /* main.m */ = {isa = PBXFileReference; lastKnownFileType = sourcecode.c.objc; path = main.m; sourceTree = "<group>"; };
		0FAABDFF1BC0E7DA00AE9BBE /* AppDelegate.h */ = {isa = PBXFileReference; lastKnownFileType = sourcecode.c.h; path = AppDelegate.h; sourceTree = "<group>"; };
		0FAABE001BC0E7DA00AE9BBE /* AppDelegate.m */ = {isa = PBXFileReference; lastKnownFileType = sourcecode.c.objc; path = AppDelegate.m; sourceTree = "<group>"; };
		0FAABE021BC0E7DA00AE9BBE /* ViewController.h */ = {isa = PBXFileReference; lastKnownFileType = sourcecode.c.h; path = ViewController.h; sourceTree = "<group>"; };
		0FAABE031BC0E7DA00AE9BBE /* ViewController.m */ = {isa = PBXFileReference; lastKnownFileType = sourcecode.c.objc; path = ViewController.m; sourceTree = "<group>"; };
		0FAABE061BC0E7DA00AE9BBE /* Base */ = {isa = PBXFileReference; lastKnownFileType = file.storyboard; name = Base; path = Base.lproj/Main.storyboard; sourceTree = "<group>"; };
		0FAABE081BC0E7DA00AE9BBE /* Assets.xcassets */ = {isa = PBXFileReference; lastKnownFileType = folder.assetcatalog; path = Assets.xcassets; sourceTree = "<group>"; };
		0FAABE0B1BC0E7DA00AE9BBE /* Base */ = {isa = PBXFileReference; lastKnownFileType = file.storyboard; name = Base; path = Base.lproj/LaunchScreen.storyboard; sourceTree = "<group>"; };
		0FAABE0D1BC0E7DA00AE9BBE /* Info.plist */ = {isa = PBXFileReference; lastKnownFileType = text.plist.xml; path = Info.plist; sourceTree = "<group>"; };
		7E73A0E41C8492D900D51473 /* SKProduct+JLAdditions.h */ = {isa = PBXFileReference; fileEncoding = 4; lastKnownFileType = sourcecode.c.h; path = "SKProduct+JLAdditions.h"; sourceTree = "<group>"; };
		7E73A0E51C8492D900D51473 /* SKProduct+JLAdditions.m */ = {isa = PBXFileReference; fileEncoding = 4; lastKnownFileType = sourcecode.c.objc; path = "SKProduct+JLAdditions.m"; sourceTree = "<group>"; };
		7ED1D3A11CCF248900EB56B2 /* NSNumber+JLAdditions.h */ = {isa = PBXFileReference; fileEncoding = 4; lastKnownFileType = sourcecode.c.h; path = "NSNumber+JLAdditions.h"; sourceTree = "<group>"; };
		7ED1D3A21CCF248900EB56B2 /* NSNumber+JLAdditions.m */ = {isa = PBXFileReference; fileEncoding = 4; lastKnownFileType = sourcecode.c.objc; path = "NSNumber+JLAdditions.m"; sourceTree = "<group>"; };
		7EFE510F1CC616A900087C34 /* UISearchBar+JLAdditions.h */ = {isa = PBXFileReference; fileEncoding = 4; lastKnownFileType = sourcecode.c.h; path = "UISearchBar+JLAdditions.h"; sourceTree = "<group>"; };
		7EFE51101CC616A900087C34 /* UISearchBar+JLAdditions.m */ = {isa = PBXFileReference; fileEncoding = 4; lastKnownFileType = sourcecode.c.objc; path = "UISearchBar+JLAdditions.m"; sourceTree = "<group>"; };
/* End PBXFileReference section */

/* Begin PBXFrameworksBuildPhase section */
		0FAABDF61BC0E7DA00AE9BBE /* Frameworks */ = {
			isa = PBXFrameworksBuildPhase;
			buildActionMask = 2147483647;
			files = (
			);
			runOnlyForDeploymentPostprocessing = 0;
		};
/* End PBXFrameworksBuildPhase section */

/* Begin PBXGroup section */
		0F69154A1C3D03C1008EFEDF /* Foundation */ = {
			isa = PBXGroup;
			children = (
				0F69154C1C3D03C1008EFEDF /* NSArray+JLAdditions.h */,
				0F69154D1C3D03C1008EFEDF /* NSArray+JLAdditions.m */,
				0F69154E1C3D03C1008EFEDF /* NSBundle+JLAdditions.h */,
				0F69154F1C3D03C1008EFEDF /* NSBundle+JLAdditions.m */,
				0F6915501C3D03C1008EFEDF /* NSData+JLAdditions.h */,
				0F6915511C3D03C1008EFEDF /* NSData+JLAdditions.m */,
				0F6915521C3D03C1008EFEDF /* NSDate+JLAdditions.h */,
				0F6915531C3D03C1008EFEDF /* NSDate+JLAdditions.m */,
				0F6915541C3D03C1008EFEDF /* NSDate+JLAge.h */,
				0F6915551C3D03C1008EFEDF /* NSDate+JLAge.m */,
				0F6915561C3D03C1008EFEDF /* NSDictionary+JLAdditions.h */,
				0F6915571C3D03C1008EFEDF /* NSDictionary+JLAdditions.m */,
				0F6915581C3D03C1008EFEDF /* NSIndexPath+JLAdditions.h */,
				0F6915591C3D03C1008EFEDF /* NSIndexPath+JLAdditions.m */,
				0F69155A1C3D03C1008EFEDF /* NSLocale+JLAdditions.h */,
				0F69155B1C3D03C1008EFEDF /* NSLocale+JLAdditions.m */,
				0F69155C1C3D03C1008EFEDF /* NSMutableAttributedString+JLAdditions.h */,
				0F69155D1C3D03C1008EFEDF /* NSMutableAttributedString+JLAdditions.m */,
				0F69155E1C3D03C1008EFEDF /* NSObject+JLAdditions.h */,
				0F69155F1C3D03C1008EFEDF /* NSObject+JLAdditions.m */,
				0F6915601C3D03C1008EFEDF /* NSString+JLAdditions.h */,
				0F6915611C3D03C1008EFEDF /* NSString+JLAdditions.m */,
				0F6915621C3D03C1008EFEDF /* NSThread+JLAdditions.h */,
				0F6915631C3D03C1008EFEDF /* NSThread+JLAdditions.m */,
				0F6915641C3D03C1008EFEDF /* NSTimeZone+JLAdditions.h */,
				0F6915651C3D03C1008EFEDF /* NSTimeZone+JLAdditions.m */,
				0F6915661C3D03C1008EFEDF /* NSURL+JLAdditions.h */,
				0F6915671C3D03C1008EFEDF /* NSURL+JLAdditions.m */,
				7E73A0E41C8492D900D51473 /* SKProduct+JLAdditions.h */,
				7E73A0E51C8492D900D51473 /* SKProduct+JLAdditions.m */,
				7ED1D3A11CCF248900EB56B2 /* NSNumber+JLAdditions.h */,
				7ED1D3A21CCF248900EB56B2 /* NSNumber+JLAdditions.m */,
			);
			path = Foundation;
			sourceTree = "<group>";
		};
		0F6915681C3D03C1008EFEDF /* StatusBarStyle */ = {
			isa = PBXGroup;
			children = (
				0F6915691C3D03C2008EFEDF /* UINavigationController+JLStatusBarStyle.h */,
				0F69156A1C3D03C2008EFEDF /* UINavigationController+JLStatusBarStyle.m */,
			);
			path = StatusBarStyle;
			sourceTree = "<group>";
		};
		0F69156B1C3D03C2008EFEDF /* UI */ = {
			isa = PBXGroup;
			children = (
				0F69156C1C3D03C2008EFEDF /* CALayer+JLAdditions.h */,
				0F69156D1C3D03C2008EFEDF /* CALayer+JLAdditions.m */,
				0F69156F1C3D03C2008EFEDF /* UIApplication+JLAdditions.h */,
				0F6915701C3D03C2008EFEDF /* UIApplication+JLAdditions.m */,
				0F6915711C3D03C2008EFEDF /* UIBarButtonItem+JLAdditions.h */,
				0F6915721C3D03C2008EFEDF /* UIBarButtonItem+JLAdditions.m */,
				0F6915731C3D03C2008EFEDF /* UIButton+JLAdditions.h */,
				0F6915741C3D03C2008EFEDF /* UIButton+JLAdditions.m */,
				0F6915751C3D03C2008EFEDF /* UICollectionView+JLAdditions.h */,
				0F6915761C3D03C2008EFEDF /* UICollectionView+JLAdditions.m */,
				0F6915771C3D03C2008EFEDF /* UICollectionViewCell+JLAdditions.h */,
				0F6915781C3D03C2008EFEDF /* UICollectionViewCell+JLAdditions.m */,
				0F6915791C3D03C2008EFEDF /* UIColor+JLAdditions.h */,
				0F69157A1C3D03C2008EFEDF /* UIColor+JLAdditions.m */,
				0F69157B1C3D03C2008EFEDF /* UIDevice+JLAdditions.h */,
				0F69157C1C3D03C2008EFEDF /* UIDevice+JLAdditions.m */,
				0F69157D1C3D03C2008EFEDF /* UIFont+JLStyle.h */,
				0F69157E1C3D03C2008EFEDF /* UIFont+JLStyle.m */,
				0F69157F1C3D03C2008EFEDF /* UIImage+JLAdditions.h */,
				0F6915801C3D03C2008EFEDF /* UIImage+JLAdditions.m */,
				0F6915811C3D03C2008EFEDF /* UILabel+JLAdditions.h */,
				0F6915821C3D03C2008EFEDF /* UILabel+JLAdditions.m */,
				0F6915831C3D03C2008EFEDF /* UIScreen+JLAdditions.h */,
				0F6915841C3D03C2008EFEDF /* UIScreen+JLAdditions.m */,
				0F6915851C3D03C2008EFEDF /* UITabBarItem+JLAdditions.h */,
				0F6915861C3D03C2008EFEDF /* UITabBarItem+JLAdditions.m */,
				0F6915871C3D03C2008EFEDF /* UITableView+JLAdditions.h */,
				0F6915881C3D03C2008EFEDF /* UITableView+JLAdditions.m */,
				0F6915891C3D03C2008EFEDF /* UITableViewCell+JLAdditions.h */,
				0F69158A1C3D03C2008EFEDF /* UITableViewCell+JLAdditions.m */,
				0F69158B1C3D03C2008EFEDF /* UIView+JLAdditions.h */,
				0F69158C1C3D03C2008EFEDF /* UIView+JLAdditions.m */,
				0F69158D1C3D03C2008EFEDF /* UIViewController+JLAdditions.h */,
				0F69158E1C3D03C2008EFEDF /* UIViewController+JLAdditions.m */,
				7EFE510F1CC616A900087C34 /* UISearchBar+JLAdditions.h */,
				7EFE51101CC616A900087C34 /* UISearchBar+JLAdditions.m */,
			);
			path = UI;
			sourceTree = "<group>";
		};
		0FAABDF01BC0E7DA00AE9BBE = {
			isa = PBXGroup;
			children = (
				0F06C9021BDB87F300076A59 /* JLCategorys.podspec */,
				0FAABE131BC0E7E300AE9BBE /* JLCategorys */,
				0FAABDFB1BC0E7DA00AE9BBE /* JLCategoryDemo */,
				0FAABDFA1BC0E7DA00AE9BBE /* Products */,
			);
			sourceTree = "<group>";
		};
		0FAABDFA1BC0E7DA00AE9BBE /* Products */ = {
			isa = PBXGroup;
			children = (
				0FAABDF91BC0E7DA00AE9BBE /* JLCategoryDemo.app */,
			);
			name = Products;
			sourceTree = "<group>";
		};
		0FAABDFB1BC0E7DA00AE9BBE /* JLCategoryDemo */ = {
			isa = PBXGroup;
			children = (
				0FAABDFF1BC0E7DA00AE9BBE /* AppDelegate.h */,
				0FAABE001BC0E7DA00AE9BBE /* AppDelegate.m */,
				0FAABE021BC0E7DA00AE9BBE /* ViewController.h */,
				0FAABE031BC0E7DA00AE9BBE /* ViewController.m */,
				0FAABE051BC0E7DA00AE9BBE /* Main.storyboard */,
				0FAABE081BC0E7DA00AE9BBE /* Assets.xcassets */,
				0FAABE0A1BC0E7DA00AE9BBE /* LaunchScreen.storyboard */,
				0FAABE0D1BC0E7DA00AE9BBE /* Info.plist */,
				0FAABDFC1BC0E7DA00AE9BBE /* Supporting Files */,
			);
			path = JLCategoryDemo;
			sourceTree = "<group>";
		};
		0FAABDFC1BC0E7DA00AE9BBE /* Supporting Files */ = {
			isa = PBXGroup;
			children = (
				0FAABDFD1BC0E7DA00AE9BBE /* main.m */,
			);
			name = "Supporting Files";
			sourceTree = "<group>";
		};
		0FAABE131BC0E7E300AE9BBE /* JLCategorys */ = {
			isa = PBXGroup;
			children = (
				0F69154A1C3D03C1008EFEDF /* Foundation */,
				0F6915681C3D03C1008EFEDF /* StatusBarStyle */,
				0F69156B1C3D03C2008EFEDF /* UI */,
				0F6915AF1C3D07CA008EFEDF /* JLCategorys.h */,
			);
			name = JLCategorys;
			path = ../JLCategorys;
			sourceTree = "<group>";
		};
/* End PBXGroup section */

/* Begin PBXNativeTarget section */
		0FAABDF81BC0E7DA00AE9BBE /* JLCategoryDemo */ = {
			isa = PBXNativeTarget;
			buildConfigurationList = 0FAABE101BC0E7DA00AE9BBE /* Build configuration list for PBXNativeTarget "JLCategoryDemo" */;
			buildPhases = (
				0FAABDF51BC0E7DA00AE9BBE /* Sources */,
				0FAABDF61BC0E7DA00AE9BBE /* Frameworks */,
				0FAABDF71BC0E7DA00AE9BBE /* Resources */,
			);
			buildRules = (
			);
			dependencies = (
			);
			name = JLCategoryDemo;
			productName = JLCategoryDemo;
			productReference = 0FAABDF91BC0E7DA00AE9BBE /* JLCategoryDemo.app */;
			productType = "com.apple.product-type.application";
		};
/* End PBXNativeTarget section */

/* Begin PBXProject section */
		0FAABDF11BC0E7DA00AE9BBE /* Project object */ = {
			isa = PBXProject;
			attributes = {
				LastUpgradeCheck = 0700;
				ORGANIZATIONNAME = Dalkomm;
				TargetAttributes = {
					0FAABDF81BC0E7DA00AE9BBE = {
						CreatedOnToolsVersion = 7.0.1;
						DevelopmentTeam = 3G345889CP;
					};
				};
			};
			buildConfigurationList = 0FAABDF41BC0E7DA00AE9BBE /* Build configuration list for PBXProject "JLCategoryDemo" */;
			compatibilityVersion = "Xcode 3.2";
			developmentRegion = English;
			hasScannedForEncodings = 0;
			knownRegions = (
				en,
				Base,
			);
			mainGroup = 0FAABDF01BC0E7DA00AE9BBE;
			productRefGroup = 0FAABDFA1BC0E7DA00AE9BBE /* Products */;
			projectDirPath = "";
			projectRoot = "";
			targets = (
				0FAABDF81BC0E7DA00AE9BBE /* JLCategoryDemo */,
			);
		};
/* End PBXProject section */

/* Begin PBXResourcesBuildPhase section */
		0FAABDF71BC0E7DA00AE9BBE /* Resources */ = {
			isa = PBXResourcesBuildPhase;
			buildActionMask = 2147483647;
			files = (
				0FAABE0C1BC0E7DA00AE9BBE /* LaunchScreen.storyboard in Resources */,
				0FAABE091BC0E7DA00AE9BBE /* Assets.xcassets in Resources */,
				0F06C9031BDB87F300076A59 /* JLCategorys.podspec in Resources */,
				0FAABE071BC0E7DA00AE9BBE /* Main.storyboard in Resources */,
			);
			runOnlyForDeploymentPostprocessing = 0;
		};
/* End PBXResourcesBuildPhase section */

/* Begin PBXSourcesBuildPhase section */
		0FAABDF51BC0E7DA00AE9BBE /* Sources */ = {
			isa = PBXSourcesBuildPhase;
			buildActionMask = 2147483647;
			files = (
				0F6915A21C3D03C2008EFEDF /* UICollectionView+JLAdditions.m in Sources */,
				0F69159F1C3D03C2008EFEDF /* UIApplication+JLAdditions.m in Sources */,
				0F6915AA1C3D03C2008EFEDF /* UITabBarItem+JLAdditions.m in Sources */,
				0F6915911C3D03C2008EFEDF /* NSData+JLAdditions.m in Sources */,
				7EFE51111CC616A900087C34 /* UISearchBar+JLAdditions.m in Sources */,
				0F6915AD1C3D03C2008EFEDF /* UIView+JLAdditions.m in Sources */,
				7E73A0E61C8492D900D51473 /* SKProduct+JLAdditions.m in Sources */,
				0F6915991C3D03C2008EFEDF /* NSString+JLAdditions.m in Sources */,
				0F69158F1C3D03C2008EFEDF /* NSArray+JLAdditions.m in Sources */,
				0F6915A91C3D03C2008EFEDF /* UIScreen+JLAdditions.m in Sources */,
				0F69159A1C3D03C2008EFEDF /* NSThread+JLAdditions.m in Sources */,
				0F6915951C3D03C2008EFEDF /* NSIndexPath+JLAdditions.m in Sources */,
				0F6915A81C3D03C2008EFEDF /* UILabel+JLAdditions.m in Sources */,
				7ED1D3A31CCF248900EB56B2 /* NSNumber+JLAdditions.m in Sources */,
				0F6915961C3D03C2008EFEDF /* NSLocale+JLAdditions.m in Sources */,
				0FAABE041BC0E7DA00AE9BBE /* ViewController.m in Sources */,
				0F69159D1C3D03C2008EFEDF /* UINavigationController+JLStatusBarStyle.m in Sources */,
				0F6915921C3D03C2008EFEDF /* NSDate+JLAdditions.m in Sources */,
				0F69159C1C3D03C2008EFEDF /* NSURL+JLAdditions.m in Sources */,
				0F6915A41C3D03C2008EFEDF /* UIColor+JLAdditions.m in Sources */,
				0F6915A71C3D03C2008EFEDF /* UIImage+JLAdditions.m in Sources */,
				0F6915941C3D03C2008EFEDF /* NSDictionary+JLAdditions.m in Sources */,
				0F6915A01C3D03C2008EFEDF /* UIBarButtonItem+JLAdditions.m in Sources */,
				0F6915A51C3D03C2008EFEDF /* UIDevice+JLAdditions.m in Sources */,
				0FAABE011BC0E7DA00AE9BBE /* AppDelegate.m in Sources */,
				0F6915AE1C3D03C2008EFEDF /* UIViewController+JLAdditions.m in Sources */,
				0F6915AB1C3D03C2008EFEDF /* UITableView+JLAdditions.m in Sources */,
				0F6915981C3D03C2008EFEDF /* NSObject+JLAdditions.m in Sources */,
				0F6915971C3D03C2008EFEDF /* NSMutableAttributedString+JLAdditions.m in Sources */,
				0FAABDFE1BC0E7DA00AE9BBE /* main.m in Sources */,
				0F6915A31C3D03C2008EFEDF /* UICollectionViewCell+JLAdditions.m in Sources */,
				0F6915A11C3D03C2008EFEDF /* UIButton+JLAdditions.m in Sources */,
				0F6915A61C3D03C2008EFEDF /* UIFont+JLStyle.m in Sources */,
				0F6915931C3D03C2008EFEDF /* NSDate+JLAge.m in Sources */,
				0F6915AC1C3D03C2008EFEDF /* UITableViewCell+JLAdditions.m in Sources */,
				0F6915901C3D03C2008EFEDF /* NSBundle+JLAdditions.m in Sources */,
				0F69159B1C3D03C2008EFEDF /* NSTimeZone+JLAdditions.m in Sources */,
				0F69159E1C3D03C2008EFEDF /* CALayer+JLAdditions.m in Sources */,
			);
			runOnlyForDeploymentPostprocessing = 0;
		};
/* End PBXSourcesBuildPhase section */

/* Begin PBXVariantGroup section */
		0FAABE051BC0E7DA00AE9BBE /* Main.storyboard */ = {
			isa = PBXVariantGroup;
			children = (
				0FAABE061BC0E7DA00AE9BBE /* Base */,
			);
			name = Main.storyboard;
			sourceTree = "<group>";
		};
		0FAABE0A1BC0E7DA00AE9BBE /* LaunchScreen.storyboard */ = {
			isa = PBXVariantGroup;
			children = (
				0FAABE0B1BC0E7DA00AE9BBE /* Base */,
			);
			name = LaunchScreen.storyboard;
			sourceTree = "<group>";
		};
/* End PBXVariantGroup section */

/* Begin XCBuildConfiguration section */
		0FAABE0E1BC0E7DA00AE9BBE /* Debug */ = {
			isa = XCBuildConfiguration;
			buildSettings = {
				ALWAYS_SEARCH_USER_PATHS = NO;
				CLANG_CXX_LANGUAGE_STANDARD = "gnu++0x";
				CLANG_CXX_LIBRARY = "libc++";
				CLANG_ENABLE_MODULES = YES;
				CLANG_ENABLE_OBJC_ARC = YES;
				CLANG_WARN_BOOL_CONVERSION = YES;
				CLANG_WARN_CONSTANT_CONVERSION = YES;
				CLANG_WARN_DIRECT_OBJC_ISA_USAGE = YES_ERROR;
				CLANG_WARN_EMPTY_BODY = YES;
				CLANG_WARN_ENUM_CONVERSION = YES;
				CLANG_WARN_INT_CONVERSION = YES;
				CLANG_WARN_OBJC_ROOT_CLASS = YES_ERROR;
				CLANG_WARN_UNREACHABLE_CODE = YES;
				CLANG_WARN__DUPLICATE_METHOD_MATCH = YES;
				"CODE_SIGN_IDENTITY[sdk=iphoneos*]" = "iPhone Developer";
				COPY_PHASE_STRIP = NO;
				DEBUG_INFORMATION_FORMAT = dwarf;
				ENABLE_STRICT_OBJC_MSGSEND = YES;
				ENABLE_TESTABILITY = YES;
				GCC_C_LANGUAGE_STANDARD = gnu99;
				GCC_DYNAMIC_NO_PIC = NO;
				GCC_NO_COMMON_BLOCKS = YES;
				GCC_OPTIMIZATION_LEVEL = 0;
				GCC_PREPROCESSOR_DEFINITIONS = (
					"DEBUG=1",
					"$(inherited)",
				);
				GCC_WARN_64_TO_32_BIT_CONVERSION = YES;
				GCC_WARN_ABOUT_RETURN_TYPE = YES_ERROR;
				GCC_WARN_UNDECLARED_SELECTOR = YES;
				GCC_WARN_UNINITIALIZED_AUTOS = YES_AGGRESSIVE;
				GCC_WARN_UNUSED_FUNCTION = YES;
				GCC_WARN_UNUSED_VARIABLE = YES;
				IPHONEOS_DEPLOYMENT_TARGET = 9.0;
				MTL_ENABLE_DEBUG_INFO = YES;
				ONLY_ACTIVE_ARCH = YES;
				SDKROOT = iphoneos;
			};
			name = Debug;
		};
		0FAABE0F1BC0E7DA00AE9BBE /* Release */ = {
			isa = XCBuildConfiguration;
			buildSettings = {
				ALWAYS_SEARCH_USER_PATHS = NO;
				CLANG_CXX_LANGUAGE_STANDARD = "gnu++0x";
				CLANG_CXX_LIBRARY = "libc++";
				CLANG_ENABLE_MODULES = YES;
				CLANG_ENABLE_OBJC_ARC = YES;
				CLANG_WARN_BOOL_CONVERSION = YES;
				CLANG_WARN_CONSTANT_CONVERSION = YES;
				CLANG_WARN_DIRECT_OBJC_ISA_USAGE = YES_ERROR;
				CLANG_WARN_EMPTY_BODY = YES;
				CLANG_WARN_ENUM_CONVERSION = YES;
				CLANG_WARN_INT_CONVERSION = YES;
				CLANG_WARN_OBJC_ROOT_CLASS = YES_ERROR;
				CLANG_WARN_UNREACHABLE_CODE = YES;
				CLANG_WARN__DUPLICATE_METHOD_MATCH = YES;
				"CODE_SIGN_IDENTITY[sdk=iphoneos*]" = "iPhone Developer";
				COPY_PHASE_STRIP = NO;
				DEBUG_INFORMATION_FORMAT = "dwarf-with-dsym";
				ENABLE_NS_ASSERTIONS = NO;
				ENABLE_STRICT_OBJC_MSGSEND = YES;
				GCC_C_LANGUAGE_STANDARD = gnu99;
				GCC_NO_COMMON_BLOCKS = YES;
				GCC_WARN_64_TO_32_BIT_CONVERSION = YES;
				GCC_WARN_ABOUT_RETURN_TYPE = YES_ERROR;
				GCC_WARN_UNDECLARED_SELECTOR = YES;
				GCC_WARN_UNINITIALIZED_AUTOS = YES_AGGRESSIVE;
				GCC_WARN_UNUSED_FUNCTION = YES;
				GCC_WARN_UNUSED_VARIABLE = YES;
				IPHONEOS_DEPLOYMENT_TARGET = 9.0;
				MTL_ENABLE_DEBUG_INFO = NO;
				SDKROOT = iphoneos;
				VALIDATE_PRODUCT = YES;
			};
			name = Release;
		};
		0FAABE111BC0E7DA00AE9BBE /* Debug */ = {
			isa = XCBuildConfiguration;
			buildSettings = {
				ASSETCATALOG_COMPILER_APPICON_NAME = AppIcon;
				CODE_SIGN_IDENTITY = "iPhone Developer";
				"CODE_SIGN_IDENTITY[sdk=iphoneos*]" = "iPhone Developer";
				ENABLE_BITCODE = NO;
				INFOPLIST_FILE = JLCategoryDemo/Info.plist;
				IPHONEOS_DEPLOYMENT_TARGET = 7.0;
				LD_RUNPATH_SEARCH_PATHS = "$(inherited) @executable_path/Frameworks";
				PRODUCT_BUNDLE_IDENTIFIER = dalkomm.JLCategoryDemo;
				PRODUCT_NAME = "$(TARGET_NAME)";
				PROVISIONING_PROFILE = "";
			};
			name = Debug;
		};
		0FAABE121BC0E7DA00AE9BBE /* Release */ = {
			isa = XCBuildConfiguration;
			buildSettings = {
				ASSETCATALOG_COMPILER_APPICON_NAME = AppIcon;
				CODE_SIGN_IDENTITY = "iPhone Developer";
				"CODE_SIGN_IDENTITY[sdk=iphoneos*]" = "iPhone Developer";
				ENABLE_BITCODE = NO;
				INFOPLIST_FILE = JLCategoryDemo/Info.plist;
				IPHONEOS_DEPLOYMENT_TARGET = 7.0;
				LD_RUNPATH_SEARCH_PATHS = "$(inherited) @executable_path/Frameworks";
				PRODUCT_BUNDLE_IDENTIFIER = dalkomm.JLCategoryDemo;
				PRODUCT_NAME = "$(TARGET_NAME)";
				PROVISIONING_PROFILE = "";
			};
			name = Release;
		};
/* End XCBuildConfiguration section */

/* Begin XCConfigurationList section */
		0FAABDF41BC0E7DA00AE9BBE /* Build configuration list for PBXProject "JLCategoryDemo" */ = {
			isa = XCConfigurationList;
			buildConfigurations = (
				0FAABE0E1BC0E7DA00AE9BBE /* Debug */,
				0FAABE0F1BC0E7DA00AE9BBE /* Release */,
			);
			defaultConfigurationIsVisible = 0;
			defaultConfigurationName = Release;
		};
		0FAABE101BC0E7DA00AE9BBE /* Build configuration list for PBXNativeTarget "JLCategoryDemo" */ = {
			isa = XCConfigurationList;
			buildConfigurations = (
				0FAABE111BC0E7DA00AE9BBE /* Debug */,
				0FAABE121BC0E7DA00AE9BBE /* Release */,
			);
			defaultConfigurationIsVisible = 0;
			defaultConfigurationName = Release;
		};
/* End XCConfigurationList section */
	};
	rootObject = 0FAABDF11BC0E7DA00AE9BBE /* Project object */;
}
